github.com/xmfdev/targs v0.0.0-20260518190730-3113348bb7bd h1:aWtTfDH0DU2fpIX8tJCW93oTaDw0pa3nJIRH0eajIrg=
github.com/xmfdev/targs v0.0.0-20260518190730-3113348bb7bd/go.mod h1:WoGBqxhs3PA/QsCZ+BPyPbA+4ZbvW1pucaIM/VgdwWQ=
github.com/xmfdev/targs v0.0.0-20260518223250-c14ecc4d1817 h1:uZharkJUNsZ9AnKeXcSskQ0vKD8buB29AaECRz+bLEs=
github.com/xmfdev/targs v0.0.0-20260518223250-c14ecc4d1817/go.mod h1:WoGBqxhs3PA/QsCZ+BPyPbA+4ZbvW1pucaIM/VgdwWQ=
